// !$*UTF8*$!
{
	archiveVersion = 1;
	classes = {
	};
	objectVersion = 55;
	objects = {

/* Begin PBXBuildFile section */
		099F029EBA93568208DE74F4 /* Pods_CleanArchitecture.framework in Frameworks */ = {isa = PBXBuildFile; fileRef = A56C480622D9D05339B177CC /* Pods_CleanArchitecture.framework */; };
		F700289D291A89C70037271F /* FavoriteTableViewCell.swift in Sources */ = {isa = PBXBuildFile; fileRef = F700289C291A89C70037271F /* FavoriteTableViewCell.swift */; };
		F700289F291A89EB0037271F /* FavoriteCellVIewModel.swift in Sources */ = {isa = PBXBuildFile; fileRef = F700289E291A89EB0037271F /* FavoriteCellVIewModel.swift */; };
		F70028A1291A8AB70037271F /* FavoriteModel.swift in Sources */ = {isa = PBXBuildFile; fileRef = F70028A0291A8AB70037271F /* FavoriteModel.swift */; };
		F71796132922847D0091B254 /* CookingTimeCellViewModel.swift in Sources */ = {isa = PBXBuildFile; fileRef = F71796122922847D0091B254 /* CookingTimeCellViewModel.swift */; };
		F7179616292286100091B254 /* CookingTimeCell.swift in Sources */ = {isa = PBXBuildFile; fileRef = F7179614292286100091B254 /* CookingTimeCell.swift */; };
		F7179617292286100091B254 /* CookingTimeCell.xib in Resources */ = {isa = PBXBuildFile; fileRef = F7179615292286100091B254 /* CookingTimeCell.xib */; };
		F72C865A295C4B2200367DEB /* ScanCodeViewController.swift in Sources */ = {isa = PBXBuildFile; fileRef = F72C8659295C4B2200367DEB /* ScanCodeViewController.swift */; };
		F74076C528F6A36100E19736 /* HistoryCellViewModel.swift in Sources */ = {isa = PBXBuildFile; fileRef = F74076C428F6A36100E19736 /* HistoryCellViewModel.swift */; };
		F74CE2E5294C7CE300F3CF1D /* TimeProgressView.xib in Resources */ = {isa = PBXBuildFile; fileRef = F74CE2E4294C7CE300F3CF1D /* TimeProgressView.xib */; };
		F74CE2E7294C7D0D00F3CF1D /* TimeProgressView.swift in Sources */ = {isa = PBXBuildFile; fileRef = F74CE2E6294C7D0D00F3CF1D /* TimeProgressView.swift */; };
		F77BBF3B28F838C900C8CE47 /* Localizable.strings in Resources */ = {isa = PBXBuildFile; fileRef = F77BBF3A28F838C800C8CE47 /* Localizable.strings */; };
		F77BBF3D28F83C3100C8CE47 /* Extensions+String.swift in Sources */ = {isa = PBXBuildFile; fileRef = F77BBF3C28F83C3100C8CE47 /* Extensions+String.swift */; };
		F77BBF3F28F83E9A00C8CE47 /* Alertable.swift in Sources */ = {isa = PBXBuildFile; fileRef = F77BBF3E28F83E9A00C8CE47 /* Alertable.swift */; };
		F77BBF4128F83FA300C8CE47 /* HandleError.swift in Sources */ = {isa = PBXBuildFile; fileRef = F77BBF4028F83FA300C8CE47 /* HandleError.swift */; };
		F78BA92E2907ECCF006260D7 /* SwinjectDiContainer.swift in Sources */ = {isa = PBXBuildFile; fileRef = F78BA92D2907ECCF006260D7 /* SwinjectDiContainer.swift */; };
		F793A7112905DD5E00E85A86 /* Extension+UIImageView.swift in Sources */ = {isa = PBXBuildFile; fileRef = F793A7102905DD5E00E85A86 /* Extension+UIImageView.swift */; };
		F794C32828ED6107003E49A3 /* SceneCoordinator.swift in Sources */ = {isa = PBXBuildFile; fileRef = F794C32728ED6107003E49A3 /* SceneCoordinator.swift */; };
		F794C32C28ED6C9E003E49A3 /* MainViewController.swift in Sources */ = {isa = PBXBuildFile; fileRef = F794C32B28ED6C9E003E49A3 /* MainViewController.swift */; };
		F794C33228ED6D56003E49A3 /* MainViewModel.swift in Sources */ = {isa = PBXBuildFile; fileRef = F794C33128ED6D56003E49A3 /* MainViewModel.swift */; };
		F794C33628ED6D93003E49A3 /* DetailViewController.swift in Sources */ = {isa = PBXBuildFile; fileRef = F794C33528ED6D93003E49A3 /* DetailViewController.swift */; };
		F794C33828ED6DB0003E49A3 /* DetailViewModel.swift in Sources */ = {isa = PBXBuildFile; fileRef = F794C33728ED6DB0003E49A3 /* DetailViewModel.swift */; };
		F794C33A28ED6F00003E49A3 /* MainCellViewModel.swift in Sources */ = {isa = PBXBuildFile; fileRef = F794C33928ED6F00003E49A3 /* MainCellViewModel.swift */; };
		F794C33C28ED7B93003E49A3 /* MainTableViewCell.swift in Sources */ = {isa = PBXBuildFile; fileRef = F794C33B28ED7B93003E49A3 /* MainTableViewCell.swift */; };
		F794C33E28ED8A2D003E49A3 /* AppCoordinator.swift in Sources */ = {isa = PBXBuildFile; fileRef = F794C33D28ED8A2D003E49A3 /* AppCoordinator.swift */; };
		F794C34028ED8A42003E49A3 /* AppDIContainer.swift in Sources */ = {isa = PBXBuildFile; fileRef = F794C33F28ED8A42003E49A3 /* AppDIContainer.swift */; };
		F794C34328EDC268003E49A3 /* Observable.swift in Sources */ = {isa = PBXBuildFile; fileRef = F794C34228EDC268003E49A3 /* Observable.swift */; };
		F794C34628EEB263003E49A3 /* HistoryViewController.swift in Sources */ = {isa = PBXBuildFile; fileRef = F794C34528EEB263003E49A3 /* HistoryViewController.swift */; };
		F794C34828EEB27E003E49A3 /* HistoryViewModel.swift in Sources */ = {isa = PBXBuildFile; fileRef = F794C34728EEB27E003E49A3 /* HistoryViewModel.swift */; };
		F794C34B28EEB938003E49A3 /* ListViewController.swift in Sources */ = {isa = PBXBuildFile; fileRef = F794C34A28EEB938003E49A3 /* ListViewController.swift */; };
		F794C35228EEBC25003E49A3 /* ListReposioryProtocol.swift in Sources */ = {isa = PBXBuildFile; fileRef = F794C35128EEBC25003E49A3 /* ListReposioryProtocol.swift */; };
		F794C35428EEBDFB003E49A3 /* Query.swift in Sources */ = {isa = PBXBuildFile; fileRef = F794C35328EEBDFB003E49A3 /* Query.swift */; };
		F794C35728EEC536003E49A3 /* ListRepository.swift in Sources */ = {isa = PBXBuildFile; fileRef = F794C35628EEC536003E49A3 /* ListRepository.swift */; };
		F794C35928EECAB1003E49A3 /* DataRequestDTO.swift in Sources */ = {isa = PBXBuildFile; fileRef = F794C35828EECAB1003E49A3 /* DataRequestDTO.swift */; };
		F794C35D28EECBB4003E49A3 /* NetworkService.swift in Sources */ = {isa = PBXBuildFile; fileRef = F794C35C28EECBB4003E49A3 /* NetworkService.swift */; };
		F794C35F28EECC2F003E49A3 /* Endpoins.swift in Sources */ = {isa = PBXBuildFile; fileRef = F794C35E28EECC2F003E49A3 /* Endpoins.swift */; };
		F794C36128EECC62003E49A3 /* NetworkConfigulable.swift in Sources */ = {isa = PBXBuildFile; fileRef = F794C36028EECC62003E49A3 /* NetworkConfigulable.swift */; };
		F794C36328EECCC9003E49A3 /* DataTransferService.swift in Sources */ = {isa = PBXBuildFile; fileRef = F794C36228EECCC9003E49A3 /* DataTransferService.swift */; };
		F794C36628EECE25003E49A3 /* DataResponseDTO + Mapping.swift in Sources */ = {isa = PBXBuildFile; fileRef = F794C36528EECE25003E49A3 /* DataResponseDTO + Mapping.swift */; };
		F794C36928EED75C003E49A3 /* RepositoryTask.swift in Sources */ = {isa = PBXBuildFile; fileRef = F794C36828EED75C003E49A3 /* RepositoryTask.swift */; };
		F794C36C28EED797003E49A3 /* Cancellable.swift in Sources */ = {isa = PBXBuildFile; fileRef = F794C36B28EED797003E49A3 /* Cancellable.swift */; };
		F794C37628EEFA57003E49A3 /* HistoryListRepository.swift in Sources */ = {isa = PBXBuildFile; fileRef = F794C37528EEFA57003E49A3 /* HistoryListRepository.swift */; };
		F794C37828EEFAFB003E49A3 /* HistoryListReposioryProtocol.swift in Sources */ = {isa = PBXBuildFile; fileRef = F794C37728EEFAFB003E49A3 /* HistoryListReposioryProtocol.swift */; };
		F794C37B28EEFD28003E49A3 /* HistoryListStorage.swift in Sources */ = {isa = PBXBuildFile; fileRef = F794C37A28EEFD28003E49A3 /* HistoryListStorage.swift */; };
		F794C37D28EEFD4C003E49A3 /* HistoryListStorageProtocol.swift in Sources */ = {isa = PBXBuildFile; fileRef = F794C37C28EEFD4C003E49A3 /* HistoryListStorageProtocol.swift */; };
		F794C37F28EEFF39003E49A3 /* QueryDataBaseStorage.swift in Sources */ = {isa = PBXBuildFile; fileRef = F794C37E28EEFF39003E49A3 /* QueryDataBaseStorage.swift */; };
		F798837A29014A6C0055EE03 /* Constants.swift in Sources */ = {isa = PBXBuildFile; fileRef = F798837929014A6C0055EE03 /* Constants.swift */; };
		F79A668B28F9522800D7D9E5 /* DetailRecipes.swift in Sources */ = {isa = PBXBuildFile; fileRef = F79A668A28F9522800D7D9E5 /* DetailRecipes.swift */; };
		F79A668D28F95A4700D7D9E5 /* HeaderDetailCell.swift in Sources */ = {isa = PBXBuildFile; fileRef = F79A668C28F95A4700D7D9E5 /* HeaderDetailCell.swift */; };
		F79A668F28F95A7000D7D9E5 /* DishTypesCell.swift in Sources */ = {isa = PBXBuildFile; fileRef = F79A668E28F95A7000D7D9E5 /* DishTypesCell.swift */; };
		F79A669128F95AA200D7D9E5 /* IngredientsCell.swift in Sources */ = {isa = PBXBuildFile; fileRef = F79A669028F95AA100D7D9E5 /* IngredientsCell.swift */; };
		F79A669528F95D4400D7D9E5 /* HeaderDetailCellViewModel.swift in Sources */ = {isa = PBXBuildFile; fileRef = F79A669428F95D4400D7D9E5 /* HeaderDetailCellViewModel.swift */; };
		F79A669728F95D5F00D7D9E5 /* DishTypesCellViewModel.swift in Sources */ = {isa = PBXBuildFile; fileRef = F79A669628F95D5F00D7D9E5 /* DishTypesCellViewModel.swift */; };
		F79A669928F95D7800D7D9E5 /* IngredientsCellViewModel.swift in Sources */ = {isa = PBXBuildFile; fileRef = F79A669828F95D7800D7D9E5 /* IngredientsCellViewModel.swift */; };
		F79AA004290AD38F00880841 /* TabBarController.swift in Sources */ = {isa = PBXBuildFile; fileRef = F79AA003290AD38F00880841 /* TabBarController.swift */; };
		F79AA007290AD3C600880841 /* TabBarViewModel.swift in Sources */ = {isa = PBXBuildFile; fileRef = F79AA006290AD3C600880841 /* TabBarViewModel.swift */; };
		F79AA009290AD68300880841 /* TabBarCoordinator.swift in Sources */ = {isa = PBXBuildFile; fileRef = F79AA008290AD68300880841 /* TabBarCoordinator.swift */; };
		F79AD747295590F500B0CABC /* loader.json in Resources */ = {isa = PBXBuildFile; fileRef = F79AD746295590F500B0CABC /* loader.json */; };
		F79C9ABD28FC7F8C00B6B8F1 /* DetailRepository.swift in Sources */ = {isa = PBXBuildFile; fileRef = F79C9ABC28FC7F8C00B6B8F1 /* DetailRepository.swift */; };
		F79C9ABF28FC7FA300B6B8F1 /* DetailRepositoryProtocol.swift in Sources */ = {isa = PBXBuildFile; fileRef = F79C9ABE28FC7FA300B6B8F1 /* DetailRepositoryProtocol.swift */; };
		F79E6C5728FC3B0200C99913 /* FetchDetailUseCase.swift in Sources */ = {isa = PBXBuildFile; fileRef = F79E6C5628FC3B0200C99913 /* FetchDetailUseCase.swift */; };
		F79E751E294B45E000E87246 /* UIView.swift in Sources */ = {isa = PBXBuildFile; fileRef = F79E751D294B45E000E87246 /* UIView.swift */; };
		F7A0FCA728F453CB0090BC5C /* ExensionsUIViewController.swift in Sources */ = {isa = PBXBuildFile; fileRef = F7A0FCA628F453CB0090BC5C /* ExensionsUIViewController.swift */; };
		F7A0FCA928F45ADB0090BC5C /* HistoryTableViewCell.swift in Sources */ = {isa = PBXBuildFile; fileRef = F7A0FCA828F45ADB0090BC5C /* HistoryTableViewCell.swift */; };
		F7A2CC05295D890800AD49A5 /* ScanCodeViewModel.swift in Sources */ = {isa = PBXBuildFile; fileRef = F7A2CC04295D890800AD49A5 /* ScanCodeViewModel.swift */; };
		F7A2EB3E2918FE2800FA66E9 /* FavoriteListUseCase.swift in Sources */ = {isa = PBXBuildFile; fileRef = F7A2EB3D2918FE2800FA66E9 /* FavoriteListUseCase.swift */; };
		F7A2EB402919002000FA66E9 /* FavoriteListRepository.swift in Sources */ = {isa = PBXBuildFile; fileRef = F7A2EB3F2919002000FA66E9 /* FavoriteListRepository.swift */; };
		F7A2EB422919006400FA66E9 /* FavoriteListRepositoryProtocol.swift in Sources */ = {isa = PBXBuildFile; fileRef = F7A2EB412919006400FA66E9 /* FavoriteListRepositoryProtocol.swift */; };
		F7A86AA4295B8474000B2774 /* UIButton.swift in Sources */ = {isa = PBXBuildFile; fileRef = F7A86AA3295B8474000B2774 /* UIButton.swift */; };
		F7AA0112290C014C00DDC925 /* FavoriteViewController.swift in Sources */ = {isa = PBXBuildFile; fileRef = F7AA0111290C014C00DDC925 /* FavoriteViewController.swift */; };
		F7B57EE22913B67C00409092 /* CoreDataModel.xcdatamodeld in Sources */ = {isa = PBXBuildFile; fileRef = F7B57EE02913B67C00409092 /* CoreDataModel.xcdatamodeld */; };
		F7B57EE42913BDCA00409092 /* CoreDataStorage.swift in Sources */ = {isa = PBXBuildFile; fileRef = F7B57EE32913BDCA00409092 /* CoreDataStorage.swift */; };
		F7B57EE62913D51E00409092 /* RecipesListDataBaseStorage.swift in Sources */ = {isa = PBXBuildFile; fileRef = F7B57EE52913D51E00409092 /* RecipesListDataBaseStorage.swift */; };
		F7B57EE82913D7D900409092 /* DataBaseDataDTO + Mapping.swift in Sources */ = {isa = PBXBuildFile; fileRef = F7B57EE72913D7D900409092 /* DataBaseDataDTO + Mapping.swift */; };
		F7B823AB2954D586005F46DC /* LoaderView.swift in Sources */ = {isa = PBXBuildFile; fileRef = F7B823AA2954D586005F46DC /* LoaderView.swift */; };
		F7BD041729672DA300E44175 /* HighlightButton.swift in Sources */ = {isa = PBXBuildFile; fileRef = F7BD041629672DA300E44175 /* HighlightButton.swift */; };
		F7D2FF9229129C0500258B2B /* FavoriteViewModel.swift in Sources */ = {isa = PBXBuildFile; fileRef = F7D2FF9129129C0500258B2B /* FavoriteViewModel.swift */; };
		F7FAE2CC28EC73F8008F811D /* AppDelegate.swift in Sources */ = {isa = PBXBuildFile; fileRef = F7FAE2CB28EC73F8008F811D /* AppDelegate.swift */; };
		F7FAE2D528EC7406008F811D /* Assets.xcassets in Resources */ = {isa = PBXBuildFile; fileRef = F7FAE2D428EC7406008F811D /* Assets.xcassets */; };
		F7FAE2D828EC7406008F811D /* LaunchScreen.storyboard in Resources */ = {isa = PBXBuildFile; fileRef = F7FAE2D628EC7406008F811D /* LaunchScreen.storyboard */; };
		F7FAE2E828EC7983008F811D /* APIRequest.swift in Sources */ = {isa = PBXBuildFile; fileRef = F7FAE2E728EC7983008F811D /* APIRequest.swift */; };
		F7FAE2EA28EC7A90008F811D /* Entity.swift in Sources */ = {isa = PBXBuildFile; fileRef = F7FAE2E928EC7A90008F811D /* Entity.swift */; };
		F7FAE2EC28EC7FBC008F811D /* FetchHistoryUseCase.swift in Sources */ = {isa = PBXBuildFile; fileRef = F7FAE2EB28EC7FBC008F811D /* FetchHistoryUseCase.swift */; };
		F7FAE2EE28EC7FD5008F811D /* SearchUseCase.swift in Sources */ = {isa = PBXBuildFile; fileRef = F7FAE2ED28EC7FD5008F811D /* SearchUseCase.swift */; };
/* End PBXBuildFile section */

/* Begin PBXFileReference section */
		8F38ED566ADB7388F5E6449E /* Pods-CleanArchitecture.release.xcconfig */ = {isa = PBXFileReference; includeInIndex = 1; lastKnownFileType = text.xcconfig; name = "Pods-CleanArchitecture.release.xcconfig"; path = "Target Support Files/Pods-CleanArchitecture/Pods-CleanArchitecture.release.xcconfig"; sourceTree = "<group>"; };
		A56C480622D9D05339B177CC /* Pods_CleanArchitecture.framework */ = {isa = PBXFileReference; explicitFileType = wrapper.framework; includeInIndex = 0; path = Pods_CleanArchitecture.framework; sourceTree = BUILT_PRODUCTS_DIR; };
		E66D075E5C89E7E493458A7D /* Pods-CleanArchitecture.debug.xcconfig */ = {isa = PBXFileReference; includeInIndex = 1; lastKnownFileType = text.xcconfig; name = "Pods-CleanArchitecture.debug.xcconfig"; path = "Target Support Files/Pods-CleanArchitecture/Pods-CleanArchitecture.debug.xcconfig"; sourceTree = "<group>"; };
		F700289C291A89C70037271F /* FavoriteTableViewCell.swift */ = {isa = PBXFileReference; lastKnownFileType = sourcecode.swift; path = FavoriteTableViewCell.swift; sourceTree = "<group>"; };
		F700289E291A89EB0037271F /* FavoriteCellVIewModel.swift */ = {isa = PBXFileReference; lastKnownFileType = sourcecode.swift; path = FavoriteCellVIewModel.swift; sourceTree = "<group>"; };
		F70028A0291A8AB70037271F /* FavoriteModel.swift */ = {isa = PBXFileReference; lastKnownFileType = sourcecode.swift; path = FavoriteModel.swift; sourceTree = "<group>"; };
		F70451812906C7D8003C7B4B /* sample.xcconfig_template */ = {isa = PBXFileReference; lastKnownFileType = text; path = sample.xcconfig_template; sourceTree = "<group>"; };
		F71796122922847D0091B254 /* CookingTimeCellViewModel.swift */ = {isa = PBXFileReference; lastKnownFileType = sourcecode.swift; path = CookingTimeCellViewModel.swift; sourceTree = "<group>"; };
		F7179614292286100091B254 /* CookingTimeCell.swift */ = {isa = PBXFileReference; lastKnownFileType = sourcecode.swift; path = CookingTimeCell.swift; sourceTree = "<group>"; };
		F7179615292286100091B254 /* CookingTimeCell.xib */ = {isa = PBXFileReference; lastKnownFileType = file.xib; path = CookingTimeCell.xib; sourceTree = "<group>"; };
		F72C8659295C4B2200367DEB /* ScanCodeViewController.swift */ = {isa = PBXFileReference; lastKnownFileType = sourcecode.swift; path = ScanCodeViewController.swift; sourceTree = "<group>"; };
		F74076C428F6A36100E19736 /* HistoryCellViewModel.swift */ = {isa = PBXFileReference; lastKnownFileType = sourcecode.swift; path = HistoryCellViewModel.swift; sourceTree = "<group>"; };
		F74CE2E4294C7CE300F3CF1D /* TimeProgressView.xib */ = {isa = PBXFileReference; lastKnownFileType = file.xib; path = TimeProgressView.xib; sourceTree = "<group>"; };
		F74CE2E6294C7D0D00F3CF1D /* TimeProgressView.swift */ = {isa = PBXFileReference; lastKnownFileType = sourcecode.swift; path = TimeProgressView.swift; sourceTree = "<group>"; };
		F77BBF3A28F838C800C8CE47 /* Localizable.strings */ = {isa = PBXFileReference; lastKnownFileType = text.plist.strings; path = Localizable.strings; sourceTree = "<group>"; };
		F77BBF3C28F83C3100C8CE47 /* Extensions+String.swift */ = {isa = PBXFileReference; lastKnownFileType = sourcecode.swift; path = "Extensions+String.swift"; sourceTree = "<group>"; };
		F77BBF3E28F83E9A00C8CE47 /* Alertable.swift */ = {isa = PBXFileReference; lastKnownFileType = sourcecode.swift; path = Alertable.swift; sourceTree = "<group>"; };
		F77BBF4028F83FA300C8CE47 /* HandleError.swift */ = {isa = PBXFileReference; lastKnownFileType = sourcecode.swift; path = HandleError.swift; sourceTree = "<group>"; };
		F78BA92D2907ECCF006260D7 /* SwinjectDiContainer.swift */ = {isa = PBXFileReference; lastKnownFileType = sourcecode.swift; path = SwinjectDiContainer.swift; sourceTree = "<group>"; };
		F793A7102905DD5E00E85A86 /* Extension+UIImageView.swift */ = {isa = PBXFileReference; lastKnownFileType = sourcecode.swift; path = "Extension+UIImageView.swift"; sourceTree = "<group>"; };
		F794C32728ED6107003E49A3 /* SceneCoordinator.swift */ = {isa = PBXFileReference; lastKnownFileType = sourcecode.swift; path = SceneCoordinator.swift; sourceTree = "<group>"; };
		F794C32B28ED6C9E003E49A3 /* MainViewController.swift */ = {isa = PBXFileReference; lastKnownFileType = sourcecode.swift; path = MainViewController.swift; sourceTree = "<group>"; };
		F794C33128ED6D56003E49A3 /* MainViewModel.swift */ = {isa = PBXFileReference; lastKnownFileType = sourcecode.swift; path = MainViewModel.swift; sourceTree = "<group>"; };
		F794C33528ED6D93003E49A3 /* DetailViewController.swift */ = {isa = PBXFileReference; lastKnownFileType = sourcecode.swift; path = DetailViewController.swift; sourceTree = "<group>"; };
		F794C33728ED6DB0003E49A3 /* DetailViewModel.swift */ = {isa = PBXFileReference; lastKnownFileType = sourcecode.swift; path = DetailViewModel.swift; sourceTree = "<group>"; };
		F794C33928ED6F00003E49A3 /* MainCellViewModel.swift */ = {isa = PBXFileReference; lastKnownFileType = sourcecode.swift; path = MainCellViewModel.swift; sourceTree = "<group>"; };
		F794C33B28ED7B93003E49A3 /* MainTableViewCell.swift */ = {isa = PBXFileReference; lastKnownFileType = sourcecode.swift; path = MainTableViewCell.swift; sourceTree = "<group>"; };
		F794C33D28ED8A2D003E49A3 /* AppCoordinator.swift */ = {isa = PBXFileReference; lastKnownFileType = sourcecode.swift; path = AppCoordinator.swift; sourceTree = "<group>"; };
		F794C33F28ED8A42003E49A3 /* AppDIContainer.swift */ = {isa = PBXFileReference; lastKnownFileType = sourcecode.swift; path = AppDIContainer.swift; sourceTree = "<group>"; };
		F794C34228EDC268003E49A3 /* Observable.swift */ = {isa = PBXFileReference; lastKnownFileType = sourcecode.swift; path = Observable.swift; sourceTree = "<group>"; };
		F794C34528EEB263003E49A3 /* HistoryViewController.swift */ = {isa = PBXFileReference; lastKnownFileType = sourcecode.swift; path = HistoryViewController.swift; sourceTree = "<group>"; };
		F794C34728EEB27E003E49A3 /* HistoryViewModel.swift */ = {isa = PBXFileReference; lastKnownFileType = sourcecode.swift; path = HistoryViewModel.swift; sourceTree = "<group>"; };
		F794C34A28EEB938003E49A3 /* ListViewController.swift */ = {isa = PBXFileReference; lastKnownFileType = sourcecode.swift; path = ListViewController.swift; sourceTree = "<group>"; };
		F794C35128EEBC25003E49A3 /* ListReposioryProtocol.swift */ = {isa = PBXFileReference; lastKnownFileType = sourcecode.swift; path = ListReposioryProtocol.swift; sourceTree = "<group>"; };
		F794C35328EEBDFB003E49A3 /* Query.swift */ = {isa = PBXFileReference; lastKnownFileType = sourcecode.swift; path = Query.swift; sourceTree = "<group>"; };
		F794C35628EEC536003E49A3 /* ListRepository.swift */ = {isa = PBXFileReference; lastKnownFileType = sourcecode.swift; path = ListRepository.swift; sourceTree = "<group>"; };
		F794C35828EECAB1003E49A3 /* DataRequestDTO.swift */ = {isa = PBXFileReference; lastKnownFileType = sourcecode.swift; path = DataRequestDTO.swift; sourceTree = "<group>"; };
		F794C35C28EECBB4003E49A3 /* NetworkService.swift */ = {isa = PBXFileReference; lastKnownFileType = sourcecode.swift; path = NetworkService.swift; sourceTree = "<group>"; };
		F794C35E28EECC2F003E49A3 /* Endpoins.swift */ = {isa = PBXFileReference; lastKnownFileType = sourcecode.swift; path = Endpoins.swift; sourceTree = "<group>"; };
		F794C36028EECC62003E49A3 /* NetworkConfigulable.swift */ = {isa = PBXFileReference; lastKnownFileType = sourcecode.swift; path = NetworkConfigulable.swift; sourceTree = "<group>"; };
		F794C36228EECCC9003E49A3 /* DataTransferService.swift */ = {isa = PBXFileReference; lastKnownFileType = sourcecode.swift; path = DataTransferService.swift; sourceTree = "<group>"; };
		F794C36528EECE25003E49A3 /* DataResponseDTO + Mapping.swift */ = {isa = PBXFileReference; lastKnownFileType = sourcecode.swift; path = "DataResponseDTO + Mapping.swift"; sourceTree = "<group>"; };
		F794C36828EED75C003E49A3 /* RepositoryTask.swift */ = {isa = PBXFileReference; lastKnownFileType = sourcecode.swift; path = RepositoryTask.swift; sourceTree = "<group>"; };
		F794C36B28EED797003E49A3 /* Cancellable.swift */ = {isa = PBXFileReference; lastKnownFileType = sourcecode.swift; path = Cancellable.swift; sourceTree = "<group>"; };
		F794C37528EEFA57003E49A3 /* HistoryListRepository.swift */ = {isa = PBXFileReference; lastKnownFileType = sourcecode.swift; path = HistoryListRepository.swift; sourceTree = "<group>"; };
		F794C37728EEFAFB003E49A3 /* HistoryListReposioryProtocol.swift */ = {isa = PBXFileReference; lastKnownFileType = sourcecode.swift; path = HistoryListReposioryProtocol.swift; sourceTree = "<group>"; };
		F794C37A28EEFD28003E49A3 /* HistoryListStorage.swift */ = {isa = PBXFileReference; lastKnownFileType = sourcecode.swift; path = HistoryListStorage.swift; sourceTree = "<group>"; };
		F794C37C28EEFD4C003E49A3 /* HistoryListStorageProtocol.swift */ = {isa = PBXFileReference; lastKnownFileType = sourcecode.swift; path = HistoryListStorageProtocol.swift; sourceTree = "<group>"; };
		F794C37E28EEFF39003E49A3 /* QueryDataBaseStorage.swift */ = {isa = PBXFileReference; lastKnownFileType = sourcecode.swift; path = QueryDataBaseStorage.swift; sourceTree = "<group>"; };
		F798837929014A6C0055EE03 /* Constants.swift */ = {isa = PBXFileReference; lastKnownFileType = sourcecode.swift; path = Constants.swift; sourceTree = "<group>"; };
		F79A668A28F9522800D7D9E5 /* DetailRecipes.swift */ = {isa = PBXFileReference; lastKnownFileType = sourcecode.swift; path = DetailRecipes.swift; sourceTree = "<group>"; };
		F79A668C28F95A4700D7D9E5 /* HeaderDetailCell.swift */ = {isa = PBXFileReference; lastKnownFileType = sourcecode.swift; path = HeaderDetailCell.swift; sourceTree = "<group>"; };
		F79A668E28F95A7000D7D9E5 /* DishTypesCell.swift */ = {isa = PBXFileReference; lastKnownFileType = sourcecode.swift; path = DishTypesCell.swift; sourceTree = "<group>"; };
		F79A669028F95AA100D7D9E5 /* IngredientsCell.swift */ = {isa = PBXFileReference; lastKnownFileType = sourcecode.swift; path = IngredientsCell.swift; sourceTree = "<group>"; };
		F79A669428F95D4400D7D9E5 /* HeaderDetailCellViewModel.swift */ = {isa = PBXFileReference; lastKnownFileType = sourcecode.swift; path = HeaderDetailCellViewModel.swift; sourceTree = "<group>"; };
		F79A669628F95D5F00D7D9E5 /* DishTypesCellViewModel.swift */ = {isa = PBXFileReference; lastKnownFileType = sourcecode.swift; path = DishTypesCellViewModel.swift; sourceTree = "<group>"; };
		F79A669828F95D7800D7D9E5 /* IngredientsCellViewModel.swift */ = {isa = PBXFileReference; lastKnownFileType = sourcecode.swift; path = IngredientsCellViewModel.swift; sourceTree = "<group>"; };
		F79AA001290AD0CF00880841 /* Staging.xcconfig */ = {isa = PBXFileReference; lastKnownFileType = text.xcconfig; path = Staging.xcconfig; sourceTree = "<group>"; };
		F79AA003290AD38F00880841 /* TabBarController.swift */ = {isa = PBXFileReference; lastKnownFileType = sourcecode.swift; path = TabBarController.swift; sourceTree = "<group>"; };
		F79AA006290AD3C600880841 /* TabBarViewModel.swift */ = {isa = PBXFileReference; lastKnownFileType = sourcecode.swift; path = TabBarViewModel.swift; sourceTree = "<group>"; };
		F79AA008290AD68300880841 /* TabBarCoordinator.swift */ = {isa = PBXFileReference; lastKnownFileType = sourcecode.swift; path = TabBarCoordinator.swift; sourceTree = "<group>"; };
		F79AD746295590F500B0CABC /* loader.json */ = {isa = PBXFileReference; fileEncoding = 4; lastKnownFileType = text.json; path = loader.json; sourceTree = "<group>"; };
		F79AD7482955A80600B0CABC /* UIView.swift */ = {isa = PBXFileReference; lastKnownFileType = sourcecode.swift; path = UIView.swift; sourceTree = "<group>"; };
		F79C9ABC28FC7F8C00B6B8F1 /* DetailRepository.swift */ = {isa = PBXFileReference; lastKnownFileType = sourcecode.swift; path = DetailRepository.swift; sourceTree = "<group>"; };
		F79C9ABE28FC7FA300B6B8F1 /* DetailRepositoryProtocol.swift */ = {isa = PBXFileReference; lastKnownFileType = sourcecode.swift; path = DetailRepositoryProtocol.swift; sourceTree = "<group>"; };
		F79E6C5628FC3B0200C99913 /* FetchDetailUseCase.swift */ = {isa = PBXFileReference; lastKnownFileType = sourcecode.swift; path = FetchDetailUseCase.swift; sourceTree = "<group>"; };
		F79E751D294B45E000E87246 /* UIView.swift */ = {isa = PBXFileReference; lastKnownFileType = sourcecode.swift; path = UIView.swift; sourceTree = "<group>"; };
		F7A0FCA628F453CB0090BC5C /* ExensionsUIViewController.swift */ = {isa = PBXFileReference; lastKnownFileType = sourcecode.swift; path = ExensionsUIViewController.swift; sourceTree = "<group>"; };
		F7A0FCA828F45ADB0090BC5C /* HistoryTableViewCell.swift */ = {isa = PBXFileReference; lastKnownFileType = sourcecode.swift; path = HistoryTableViewCell.swift; sourceTree = "<group>"; };
		F7A2CC04295D890800AD49A5 /* ScanCodeViewModel.swift */ = {isa = PBXFileReference; lastKnownFileType = sourcecode.swift; path = ScanCodeViewModel.swift; sourceTree = "<group>"; };
		F7A2EB3D2918FE2800FA66E9 /* FavoriteListUseCase.swift */ = {isa = PBXFileReference; lastKnownFileType = sourcecode.swift; path = FavoriteListUseCase.swift; sourceTree = "<group>"; };
		F7A2EB3F2919002000FA66E9 /* FavoriteListRepository.swift */ = {isa = PBXFileReference; lastKnownFileType = sourcecode.swift; path = FavoriteListRepository.swift; sourceTree = "<group>"; };
		F7A2EB412919006400FA66E9 /* FavoriteListRepositoryProtocol.swift */ = {isa = PBXFileReference; lastKnownFileType = sourcecode.swift; path = FavoriteListRepositoryProtocol.swift; sourceTree = "<group>"; };
		F7A86AA3295B8474000B2774 /* UIButton.swift */ = {isa = PBXFileReference; lastKnownFileType = sourcecode.swift; path = UIButton.swift; sourceTree = "<group>"; };
		F7AA0111290C014C00DDC925 /* FavoriteViewController.swift */ = {isa = PBXFileReference; lastKnownFileType = sourcecode.swift; path = FavoriteViewController.swift; sourceTree = "<group>"; };
		F7B57EE12913B67C00409092 /* CoreDataModel.xcdatamodel */ = {isa = PBXFileReference; lastKnownFileType = wrapper.xcdatamodel; path = CoreDataModel.xcdatamodel; sourceTree = "<group>"; };
		F7B57EE32913BDCA00409092 /* CoreDataStorage.swift */ = {isa = PBXFileReference; lastKnownFileType = sourcecode.swift; path = CoreDataStorage.swift; sourceTree = "<group>"; };
		F7B57EE52913D51E00409092 /* RecipesListDataBaseStorage.swift */ = {isa = PBXFileReference; lastKnownFileType = sourcecode.swift; path = RecipesListDataBaseStorage.swift; sourceTree = "<group>"; };
		F7B57EE72913D7D900409092 /* DataBaseDataDTO + Mapping.swift */ = {isa = PBXFileReference; lastKnownFileType = sourcecode.swift; path = "DataBaseDataDTO + Mapping.swift"; sourceTree = "<group>"; };
		F7B823AA2954D586005F46DC /* LoaderView.swift */ = {isa = PBXFileReference; lastKnownFileType = sourcecode.swift; path = LoaderView.swift; sourceTree = "<group>"; };
		F7BD041629672DA300E44175 /* HighlightButton.swift */ = {isa = PBXFileReference; lastKnownFileType = sourcecode.swift; path = HighlightButton.swift; sourceTree = "<group>"; };
		F7D2FF9129129C0500258B2B /* FavoriteViewModel.swift */ = {isa = PBXFileReference; lastKnownFileType = sourcecode.swift; path = FavoriteViewModel.swift; sourceTree = "<group>"; };
		F7FAE2C828EC73F8008F811D /* CleanArchitecture.app */ = {isa = PBXFileReference; explicitFileType = wrapper.application; includeInIndex = 0; path = CleanArchitecture.app; sourceTree = BUILT_PRODUCTS_DIR; };
		F7FAE2CB28EC73F8008F811D /* AppDelegate.swift */ = {isa = PBXFileReference; lastKnownFileType = sourcecode.swift; path = AppDelegate.swift; sourceTree = "<group>"; };
		F7FAE2D428EC7406008F811D /* Assets.xcassets */ = {isa = PBXFileReference; lastKnownFileType = folder.assetcatalog; path = Assets.xcassets; sourceTree = "<group>"; };
		F7FAE2D728EC7406008F811D /* Base */ = {isa = PBXFileReference; lastKnownFileType = file.storyboard; name = Base; path = Base.lproj/LaunchScreen.storyboard; sourceTree = "<group>"; };
		F7FAE2D928EC7406008F811D /* Info.plist */ = {isa = PBXFileReference; lastKnownFileType = text.plist.xml; path = Info.plist; sourceTree = "<group>"; };
		F7FAE2E728EC7983008F811D /* APIRequest.swift */ = {isa = PBXFileReference; lastKnownFileType = sourcecode.swift; path = APIRequest.swift; sourceTree = "<group>"; };
		F7FAE2E928EC7A90008F811D /* Entity.swift */ = {isa = PBXFileReference; lastKnownFileType = sourcecode.swift; path = Entity.swift; sourceTree = "<group>"; };
		F7FAE2EB28EC7FBC008F811D /* FetchHistoryUseCase.swift */ = {isa = PBXFileReference; lastKnownFileType = sourcecode.swift; path = FetchHistoryUseCase.swift; sourceTree = "<group>"; };
		F7FAE2ED28EC7FD5008F811D /* SearchUseCase.swift */ = {isa = PBXFileReference; lastKnownFileType = sourcecode.swift; path = SearchUseCase.swift; sourceTree = "<group>"; };
/* End PBXFileReference section */

/* Begin PBXFrameworksBuildPhase section */
		F7FAE2C528EC73F8008F811D /* Frameworks */ = {
			isa = PBXFrameworksBuildPhase;
			buildActionMask = 2147483647;
			files = (
				099F029EBA93568208DE74F4 /* Pods_CleanArchitecture.framework in Frameworks */,
			);
			runOnlyForDeploymentPostprocessing = 0;
		};
/* End PBXFrameworksBuildPhase section */

/* Begin PBXGroup section */
		29AACA0763EFE6AF023E8C94 /* Frameworks */ = {
			isa = PBXGroup;
			children = (
				A56C480622D9D05339B177CC /* Pods_CleanArchitecture.framework */,
			);
			name = Frameworks;
			sourceTree = "<group>";
		};
		6EA34EBA3B9F45141796148C /* Pods */ = {
			isa = PBXGroup;
			children = (
				E66D075E5C89E7E493458A7D /* Pods-CleanArchitecture.debug.xcconfig */,
				8F38ED566ADB7388F5E6449E /* Pods-CleanArchitecture.release.xcconfig */,
			);
			path = Pods;
			sourceTree = "<group>";
		};
		F72C8658295C4AF700367DEB /* ScanCode */ = {
			isa = PBXGroup;
			children = (
				F72C8659295C4B2200367DEB /* ScanCodeViewController.swift */,
				F7A2CC04295D890800AD49A5 /* ScanCodeViewModel.swift */,
			);
			path = ScanCode;
			sourceTree = "<group>";
		};
		F74CE2E3294C7C7500F3CF1D /* TimeProgressView */ = {
			isa = PBXGroup;
			children = (
				F74CE2E4294C7CE300F3CF1D /* TimeProgressView.xib */,
				F74CE2E6294C7D0D00F3CF1D /* TimeProgressView.swift */,
			);
			path = TimeProgressView;
			sourceTree = "<group>";
		};
		F793A70F2905DD3400E85A86 /* Extensions  */ = {
			isa = PBXGroup;
			children = (
				F7A0FCA628F453CB0090BC5C /* ExensionsUIViewController.swift */,
				F793A7102905DD5E00E85A86 /* Extension+UIImageView.swift */,
				F79E751D294B45E000E87246 /* UIView.swift */,
				F7A86AA3295B8474000B2774 /* UIButton.swift */,
			);
			path = "Extensions ";
			sourceTree = "<group>";
		};
		F794C32628ED60B6003E49A3 /* Coordinators */ = {
			isa = PBXGroup;
			children = (
				F79AA008290AD68300880841 /* TabBarCoordinator.swift */,
				F794C32728ED6107003E49A3 /* SceneCoordinator.swift */,
				F78BA92D2907ECCF006260D7 /* SwinjectDiContainer.swift */,
			);
			path = Coordinators;
			sourceTree = "<group>";
		};
		F794C32D28ED6CD7003E49A3 /* MainView */ = {
			isa = PBXGroup;
			children = (
				F794C33128ED6D56003E49A3 /* MainViewModel.swift */,
				F794C32B28ED6C9E003E49A3 /* MainViewController.swift */,
			);
			path = MainView;
			sourceTree = "<group>";
		};
		F794C32E28ED6CE8003E49A3 /* DetailView */ = {
			isa = PBXGroup;
			children = (
				F794C33728ED6DB0003E49A3 /* DetailViewModel.swift */,
				F794C33528ED6D93003E49A3 /* DetailViewController.swift */,
				F79A669228F95AB700D7D9E5 /* Cells */,
			);
			path = DetailView;
			sourceTree = "<group>";
		};
		F794C34128EDC240003E49A3 /* Utils */ = {
			isa = PBXGroup;
			children = (
				F793A70F2905DD3400E85A86 /* Extensions  */,
				F794C34228EDC268003E49A3 /* Observable.swift */,
				F77BBF3E28F83E9A00C8CE47 /* Alertable.swift */,
				F7B823AA2954D586005F46DC /* LoaderView.swift */,
				F7BD041629672DA300E44175 /* HighlightButton.swift */,
			);
			path = Utils;
			sourceTree = "<group>";
		};
		F794C34428EEB216003E49A3 /* HistoryQueriesContainerView */ = {
			isa = PBXGroup;
			children = (
				F794C34728EEB27E003E49A3 /* HistoryViewModel.swift */,
				F794C34528EEB263003E49A3 /* HistoryViewController.swift */,
				F74076C428F6A36100E19736 /* HistoryCellViewModel.swift */,
				F7A0FCA828F45ADB0090BC5C /* HistoryTableViewCell.swift */,
			);
			path = HistoryQueriesContainerView;
			sourceTree = "<group>";
		};
		F794C34928EEB916003E49A3 /* ListView */ = {
			isa = PBXGroup;
			children = (
				F794C34A28EEB938003E49A3 /* ListViewController.swift */,
				F794C33928ED6F00003E49A3 /* MainCellViewModel.swift */,
				F794C33B28ED7B93003E49A3 /* MainTableViewCell.swift */,
			);
			path = ListView;
			sourceTree = "<group>";
		};
		F794C34F28EEBBDB003E49A3 /* Interfaces  */ = {
			isa = PBXGroup;
			children = (
				F794C35028EEBBE7003E49A3 /* Repositories */,
			);
			path = "Interfaces ";
			sourceTree = "<group>";
		};
		F794C35028EEBBE7003E49A3 /* Repositories */ = {
			isa = PBXGroup;
			children = (
				F794C35128EEBC25003E49A3 /* ListReposioryProtocol.swift */,
				F794C37728EEFAFB003E49A3 /* HistoryListReposioryProtocol.swift */,
				F79C9ABE28FC7FA300B6B8F1 /* DetailRepositoryProtocol.swift */,
				F7A2EB412919006400FA66E9 /* FavoriteListRepositoryProtocol.swift */,
			);
			path = Repositories;
			sourceTree = "<group>";
		};
		F794C35528EEC504003E49A3 /* Reposiories */ = {
			isa = PBXGroup;
			children = (
				F794C35628EEC536003E49A3 /* ListRepository.swift */,
				F794C37528EEFA57003E49A3 /* HistoryListRepository.swift */,
				F79C9ABC28FC7F8C00B6B8F1 /* DetailRepository.swift */,
				F7A2EB3F2919002000FA66E9 /* FavoriteListRepository.swift */,
				F794C36728EED73F003E49A3 /* Utils */,
			);
			path = Reposiories;
			sourceTree = "<group>";
		};
		F794C35A28EECB3F003E49A3 /* Infracrtucture */ = {
			isa = PBXGroup;
			children = (
				F794C35B28EECB62003E49A3 /* Network */,
			);
			path = Infracrtucture;
			sourceTree = "<group>";
		};
		F794C35B28EECB62003E49A3 /* Network */ = {
			isa = PBXGroup;
			children = (
				F794C36228EECCC9003E49A3 /* DataTransferService.swift */,
				F794C35C28EECBB4003E49A3 /* NetworkService.swift */,
				F794C35E28EECC2F003E49A3 /* Endpoins.swift */,
				F794C36028EECC62003E49A3 /* NetworkConfigulable.swift */,
			);
			path = Network;
			sourceTree = "<group>";
		};
		F794C36428EECDBD003E49A3 /* DataMapping */ = {
			isa = PBXGroup;
			children = (
				F794C35828EECAB1003E49A3 /* DataRequestDTO.swift */,
				F794C36528EECE25003E49A3 /* DataResponseDTO + Mapping.swift */,
			);
			path = DataMapping;
			sourceTree = "<group>";
		};
		F794C36728EED73F003E49A3 /* Utils */ = {
			isa = PBXGroup;
			children = (
				F794C36828EED75C003E49A3 /* RepositoryTask.swift */,
			);
			path = Utils;
			sourceTree = "<group>";
		};
		F794C36A28EED780003E49A3 /* Common */ = {
			isa = PBXGroup;
			children = (
				F794C36B28EED797003E49A3 /* Cancellable.swift */,
				F77BBF3C28F83C3100C8CE47 /* Extensions+String.swift */,
				F77BBF4028F83FA300C8CE47 /* HandleError.swift */,
			);
			path = Common;
			sourceTree = "<group>";
		};
		F794C36D28EEDB28003E49A3 /* PersistanceStorage */ = {
			isa = PBXGroup;
			children = (
				F7B57EE92913D7E100409092 /* DataBaseDataMapping */,
				F794C37928EEFCEC003E49A3 /* HistoryListStorage */,
				F794C36E28EEDB72003E49A3 /* DataBaseStorage */,
			);
			path = PersistanceStorage;
			sourceTree = "<group>";
		};
		F794C36E28EEDB72003E49A3 /* DataBaseStorage */ = {
			isa = PBXGroup;
			children = (
				F794C37E28EEFF39003E49A3 /* QueryDataBaseStorage.swift */,
				F7B57EE52913D51E00409092 /* RecipesListDataBaseStorage.swift */,
				F7B57EE02913B67C00409092 /* CoreDataModel.xcdatamodeld */,
				F7B57EE32913BDCA00409092 /* CoreDataStorage.swift */,
			);
			path = DataBaseStorage;
			sourceTree = "<group>";
		};
		F794C37928EEFCEC003E49A3 /* HistoryListStorage */ = {
			isa = PBXGroup;
			children = (
				F794C37A28EEFD28003E49A3 /* HistoryListStorage.swift */,
				F794C37C28EEFD4C003E49A3 /* HistoryListStorageProtocol.swift */,
			);
			path = HistoryListStorage;
			sourceTree = "<group>";
		};
		F79A669228F95AB700D7D9E5 /* Cells */ = {
			isa = PBXGroup;
			children = (
				F74CE2E3294C7C7500F3CF1D /* TimeProgressView */,
				F79A669328F95D1900D7D9E5 /* ViewModels */,
				F79A668C28F95A4700D7D9E5 /* HeaderDetailCell.swift */,
				F79A668E28F95A7000D7D9E5 /* DishTypesCell.swift */,
				F79A669028F95AA100D7D9E5 /* IngredientsCell.swift */,
				F7179614292286100091B254 /* CookingTimeCell.swift */,
				F7179615292286100091B254 /* CookingTimeCell.xib */,
			);
			path = Cells;
			sourceTree = "<group>";
		};
		F79A669328F95D1900D7D9E5 /* ViewModels */ = {
			isa = PBXGroup;
			children = (
				F79A669428F95D4400D7D9E5 /* HeaderDetailCellViewModel.swift */,
				F79A669628F95D5F00D7D9E5 /* DishTypesCellViewModel.swift */,
				F79A669828F95D7800D7D9E5 /* IngredientsCellViewModel.swift */,
				F71796122922847D0091B254 /* CookingTimeCellViewModel.swift */,
			);
			path = ViewModels;
			sourceTree = "<group>";
		};
		F79AA002290AD32800880841 /* MainTabBar */ = {
			isa = PBXGroup;
			children = (
				F79AA006290AD3C600880841 /* TabBarViewModel.swift */,
				F79AA003290AD38F00880841 /* TabBarController.swift */,
			);
			path = MainTabBar;
			sourceTree = "<group>";
		};
		F7AA0110290C010500DDC925 /* FavoriteView */ = {
			isa = PBXGroup;
			children = (
				F7AA0111290C014C00DDC925 /* FavoriteViewController.swift */,
				F7D2FF9129129C0500258B2B /* FavoriteViewModel.swift */,
				F700289C291A89C70037271F /* FavoriteTableViewCell.swift */,
				F700289E291A89EB0037271F /* FavoriteCellVIewModel.swift */,
			);
			path = FavoriteView;
			sourceTree = "<group>";
		};
		F7B4B2812959BEF900B3A04E /* Recovered References */ = {
			isa = PBXGroup;
			children = (
				F79AD7482955A80600B0CABC /* UIView.swift */,
			);
			name = "Recovered References";
			sourceTree = "<group>";
		};
		F7B57EE92913D7E100409092 /* DataBaseDataMapping */ = {
			isa = PBXGroup;
			children = (
				F7B57EE72913D7D900409092 /* DataBaseDataDTO + Mapping.swift */,
			);
			path = DataBaseDataMapping;
			sourceTree = "<group>";
		};
		F7FAE2BF28EC73F8008F811D = {
			isa = PBXGroup;
			children = (
				F79AA001290AD0CF00880841 /* Staging.xcconfig */,
				F79AD746295590F500B0CABC /* loader.json */,
				F70451812906C7D8003C7B4B /* sample.xcconfig_template */,
				F7FAE2CA28EC73F8008F811D /* CleanArchitecture */,
				F7FAE2C928EC73F8008F811D /* Products */,
				6EA34EBA3B9F45141796148C /* Pods */,
				29AACA0763EFE6AF023E8C94 /* Frameworks */,
				F7B4B2812959BEF900B3A04E /* Recovered References */,
			);
			sourceTree = "<group>";
		};
		F7FAE2C928EC73F8008F811D /* Products */ = {
			isa = PBXGroup;
			children = (
				F7FAE2C828EC73F8008F811D /* CleanArchitecture.app */,
			);
			name = Products;
			sourceTree = "<group>";
		};
		F7FAE2CA28EC73F8008F811D /* CleanArchitecture */ = {
			isa = PBXGroup;
			children = (
				F7FAE2CB28EC73F8008F811D /* AppDelegate.swift */,
				F794C33D28ED8A2D003E49A3 /* AppCoordinator.swift */,
				F794C33F28ED8A42003E49A3 /* AppDIContainer.swift */,
				F7FAE2E028EC7423008F811D /* Presentation */,
				F7FAE2DF28EC7416008F811D /* Domain */,
				F7FAE2E128EC7440008F811D /* Data */,
				F794C35A28EECB3F003E49A3 /* Infracrtucture */,
				F794C36A28EED780003E49A3 /* Common */,
				F7FAE2D428EC7406008F811D /* Assets.xcassets */,
				F77BBF3A28F838C800C8CE47 /* Localizable.strings */,
				F7FAE2D628EC7406008F811D /* LaunchScreen.storyboard */,
				F7FAE2D928EC7406008F811D /* Info.plist */,
				F798837929014A6C0055EE03 /* Constants.swift */,
			);
			path = CleanArchitecture;
			sourceTree = "<group>";
		};
		F7FAE2DF28EC7416008F811D /* Domain */ = {
			isa = PBXGroup;
			children = (
				F7FAE2E428EC7520008F811D /* Entities */,
				F7FAE2E528EC752D008F811D /* UseCases */,
			);
			path = Domain;
			sourceTree = "<group>";
		};
		F7FAE2E028EC7423008F811D /* Presentation */ = {
			isa = PBXGroup;
			children = (
				F72C8658295C4AF700367DEB /* ScanCode */,
				F79AA002290AD32800880841 /* MainTabBar */,
				F794C32D28ED6CD7003E49A3 /* MainView */,
				F794C34928EEB916003E49A3 /* ListView */,
				F794C32E28ED6CE8003E49A3 /* DetailView */,
				F7AA0110290C010500DDC925 /* FavoriteView */,
				F794C32628ED60B6003E49A3 /* Coordinators */,
				F794C34428EEB216003E49A3 /* HistoryQueriesContainerView */,
				F794C34128EDC240003E49A3 /* Utils */,
			);
			path = Presentation;
			sourceTree = "<group>";
		};
		F7FAE2E128EC7440008F811D /* Data */ = {
			isa = PBXGroup;
			children = (
				F794C35528EEC504003E49A3 /* Reposiories */,
				F7FAE2E628EC754D008F811D /* Network */,
				F794C36D28EEDB28003E49A3 /* PersistanceStorage */,
			);
			path = Data;
			sourceTree = "<group>";
		};
		F7FAE2E428EC7520008F811D /* Entities */ = {
			isa = PBXGroup;
			children = (
				F7FAE2E928EC7A90008F811D /* Entity.swift */,
				F794C35328EEBDFB003E49A3 /* Query.swift */,
				F79A668A28F9522800D7D9E5 /* DetailRecipes.swift */,
				F70028A0291A8AB70037271F /* FavoriteModel.swift */,
			);
			path = Entities;
			sourceTree = "<group>";
		};
		F7FAE2E528EC752D008F811D /* UseCases */ = {
			isa = PBXGroup;
			children = (
				F7FAE2ED28EC7FD5008F811D /* SearchUseCase.swift */,
				F7FAE2EB28EC7FBC008F811D /* FetchHistoryUseCase.swift */,
				F79E6C5628FC3B0200C99913 /* FetchDetailUseCase.swift */,
				F7A2EB3D2918FE2800FA66E9 /* FavoriteListUseCase.swift */,
				F794C34F28EEBBDB003E49A3 /* Interfaces  */,
			);
			path = UseCases;
			sourceTree = "<group>";
		};
		F7FAE2E628EC754D008F811D /* Network */ = {
			isa = PBXGroup;
			children = (
				F7FD227529029090008B9D60 /* KingfisherRequest */,
				F794C36428EECDBD003E49A3 /* DataMapping */,
				F7FAE2E728EC7983008F811D /* APIRequest.swift */,
			);
			path = Network;
			sourceTree = "<group>";
		};
		F7FD227529029090008B9D60 /* KingfisherRequest */ = {
			isa = PBXGroup;
			children = (
			);
			path = KingfisherRequest;
			sourceTree = "<group>";
		};
/* End PBXGroup section */

/* Begin PBXNativeTarget section */
		F7FAE2C728EC73F8008F811D /* CleanArchitecture */ = {
			isa = PBXNativeTarget;
			buildConfigurationList = F7FAE2DC28EC7406008F811D /* Build configuration list for PBXNativeTarget "CleanArchitecture" */;
			buildPhases = (
				D59176AB83C6741849AAAE0E /* [CP] Check Pods Manifest.lock */,
				F7FAE2C428EC73F8008F811D /* Sources */,
				F7FAE2C528EC73F8008F811D /* Frameworks */,
				F7FAE2C628EC73F8008F811D /* Resources */,
				71BF158DB82893C0E0A34AD7 /* [CP] Embed Pods Frameworks */,
			);
			buildRules = (
			);
			dependencies = (
			);
			name = CleanArchitecture;
			productName = CleanArchitecture;
			productReference = F7FAE2C828EC73F8008F811D /* CleanArchitecture.app */;
			productType = "com.apple.product-type.application";
		};
/* End PBXNativeTarget section */

/* Begin PBXProject section */
		F7FAE2C028EC73F8008F811D /* Project object */ = {
			isa = PBXProject;
			attributes = {
				BuildIndependentTargetsInParallel = 1;
				LastSwiftUpdateCheck = 1340;
				LastUpgradeCheck = 1340;
				TargetAttributes = {
					F7FAE2C728EC73F8008F811D = {
						CreatedOnToolsVersion = 13.4.1;
					};
				};
			};
			buildConfigurationList = F7FAE2C328EC73F8008F811D /* Build configuration list for PBXProject "CleanArchitecture" */;
			compatibilityVersion = "Xcode 13.0";
			developmentRegion = en;
			hasScannedForEncodings = 0;
			knownRegions = (
				en,
				Base,
			);
			mainGroup = F7FAE2BF28EC73F8008F811D;
			productRefGroup = F7FAE2C928EC73F8008F811D /* Products */;
			projectDirPath = "";
			projectRoot = "";
			targets = (
				F7FAE2C728EC73F8008F811D /* CleanArchitecture */,
			);
		};
/* End PBXProject section */

/* Begin PBXResourcesBuildPhase section */
		F7FAE2C628EC73F8008F811D /* Resources */ = {
			isa = PBXResourcesBuildPhase;
			buildActionMask = 2147483647;
			files = (
				F7FAE2D828EC7406008F811D /* LaunchScreen.storyboard in Resources */,
				F77BBF3B28F838C900C8CE47 /* Localizable.strings in Resources */,
				F74CE2E5294C7CE300F3CF1D /* TimeProgressView.xib in Resources */,
				F7FAE2D528EC7406008F811D /* Assets.xcassets in Resources */,
				F7179617292286100091B254 /* CookingTimeCell.xib in Resources */,
				F79AD747295590F500B0CABC /* loader.json in Resources */,
			);
			runOnlyForDeploymentPostprocessing = 0;
		};
/* End PBXResourcesBuildPhase section */

/* Begin PBXShellScriptBuildPhase section */
		71BF158DB82893C0E0A34AD7 /* [CP] Embed Pods Frameworks */ = {
			isa = PBXShellScriptBuildPhase;
			buildActionMask = 2147483647;
			files = (
			);
			inputFileListPaths = (
				"${PODS_ROOT}/Target Support Files/Pods-CleanArchitecture/Pods-CleanArchitecture-frameworks-${CONFIGURATION}-input-files.xcfilelist",
			);
			name = "[CP] Embed Pods Frameworks";
			outputFileListPaths = (
				"${PODS_ROOT}/Target Support Files/Pods-CleanArchitecture/Pods-CleanArchitecture-frameworks-${CONFIGURATION}-output-files.xcfilelist",
			);
			runOnlyForDeploymentPostprocessing = 0;
			shellPath = /bin/sh;
			shellScript = "\"${PODS_ROOT}/Target Support Files/Pods-CleanArchitecture/Pods-CleanArchitecture-frameworks.sh\"\n";
			showEnvVarsInLog = 0;
		};
		D59176AB83C6741849AAAE0E /* [CP] Check Pods Manifest.lock */ = {
			isa = PBXShellScriptBuildPhase;
			buildActionMask = 2147483647;
			files = (
			);
			inputFileListPaths = (
			);
			inputPaths = (
				"${PODS_PODFILE_DIR_PATH}/Podfile.lock",
				"${PODS_ROOT}/Manifest.lock",
			);
			name = "[CP] Check Pods Manifest.lock";
			outputFileListPaths = (
			);
			outputPaths = (
				"$(DERIVED_FILE_DIR)/Pods-CleanArchitecture-checkManifestLockResult.txt",
			);
			runOnlyForDeploymentPostprocessing = 0;
			shellPath = /bin/sh;
			shellScript = "diff \"${PODS_PODFILE_DIR_PATH}/Podfile.lock\" \"${PODS_ROOT}/Manifest.lock\" > /dev/null\nif [ $? != 0 ] ; then\n    # print error to STDERR\n    echo \"error: The sandbox is not in sync with the Podfile.lock. Run 'pod install' or update your CocoaPods installation.\" >&2\n    exit 1\nfi\n# This output is used by Xcode 'outputs' to avoid re-running this script phase.\necho \"SUCCESS\" > \"${SCRIPT_OUTPUT_FILE_0}\"\n";
			showEnvVarsInLog = 0;
		};
/* End PBXShellScriptBuildPhase section */

/* Begin PBXSourcesBuildPhase section */
		F7FAE2C428EC73F8008F811D /* Sources */ = {
			isa = PBXSourcesBuildPhase;
			buildActionMask = 2147483647;
			files = (
				F7B57EE62913D51E00409092 /* RecipesListDataBaseStorage.swift in Sources */,
				F7A2EB422919006400FA66E9 /* FavoriteListRepositoryProtocol.swift in Sources */,
				F794C36328EECCC9003E49A3 /* DataTransferService.swift in Sources */,
				F794C34328EDC268003E49A3 /* Observable.swift in Sources */,
				F794C36C28EED797003E49A3 /* Cancellable.swift in Sources */,
				F7A86AA4295B8474000B2774 /* UIButton.swift in Sources */,
				F798837A29014A6C0055EE03 /* Constants.swift in Sources */,
				F7B57EE22913B67C00409092 /* CoreDataModel.xcdatamodeld in Sources */,
				F7D2FF9229129C0500258B2B /* FavoriteViewModel.swift in Sources */,
				F7B57EE42913BDCA00409092 /* CoreDataStorage.swift in Sources */,
				F794C32828ED6107003E49A3 /* SceneCoordinator.swift in Sources */,
				F74CE2E7294C7D0D00F3CF1D /* TimeProgressView.swift in Sources */,
				F794C34828EEB27E003E49A3 /* HistoryViewModel.swift in Sources */,
				F7A2CC05295D890800AD49A5 /* ScanCodeViewModel.swift in Sources */,
				F70028A1291A8AB70037271F /* FavoriteModel.swift in Sources */,
				F794C34B28EEB938003E49A3 /* ListViewController.swift in Sources */,
				F79A669928F95D7800D7D9E5 /* IngredientsCellViewModel.swift in Sources */,
				F794C35D28EECBB4003E49A3 /* NetworkService.swift in Sources */,
				F794C37B28EEFD28003E49A3 /* HistoryListStorage.swift in Sources */,
				F700289D291A89C70037271F /* FavoriteTableViewCell.swift in Sources */,
				F79A668B28F9522800D7D9E5 /* DetailRecipes.swift in Sources */,
				F71796132922847D0091B254 /* CookingTimeCellViewModel.swift in Sources */,
				F794C33A28ED6F00003E49A3 /* MainCellViewModel.swift in Sources */,
				F74076C528F6A36100E19736 /* HistoryCellViewModel.swift in Sources */,
				F794C35228EEBC25003E49A3 /* ListReposioryProtocol.swift in Sources */,
				F794C37F28EEFF39003E49A3 /* QueryDataBaseStorage.swift in Sources */,
				F700289F291A89EB0037271F /* FavoriteCellVIewModel.swift in Sources */,
				F794C33E28ED8A2D003E49A3 /* AppCoordinator.swift in Sources */,
				F7A0FCA728F453CB0090BC5C /* ExensionsUIViewController.swift in Sources */,
				F794C37628EEFA57003E49A3 /* HistoryListRepository.swift in Sources */,
				F79E751E294B45E000E87246 /* UIView.swift in Sources */,
				F79AA007290AD3C600880841 /* TabBarViewModel.swift in Sources */,
				F794C33C28ED7B93003E49A3 /* MainTableViewCell.swift in Sources */,
				F79AA004290AD38F00880841 /* TabBarController.swift in Sources */,
				F794C33628ED6D93003E49A3 /* DetailViewController.swift in Sources */,
				F77BBF3F28F83E9A00C8CE47 /* Alertable.swift in Sources */,
				F7FAE2CC28EC73F8008F811D /* AppDelegate.swift in Sources */,
				F794C35F28EECC2F003E49A3 /* Endpoins.swift in Sources */,
				F7FAE2EE28EC7FD5008F811D /* SearchUseCase.swift in Sources */,
				F794C34628EEB263003E49A3 /* HistoryViewController.swift in Sources */,
				F7FAE2EC28EC7FBC008F811D /* FetchHistoryUseCase.swift in Sources */,
				F7BD041729672DA300E44175 /* HighlightButton.swift in Sources */,
				F7FAE2E828EC7983008F811D /* APIRequest.swift in Sources */,
				F794C36628EECE25003E49A3 /* DataResponseDTO + Mapping.swift in Sources */,
				F79A669128F95AA200D7D9E5 /* IngredientsCell.swift in Sources */,
				F794C36128EECC62003E49A3 /* NetworkConfigulable.swift in Sources */,
				F794C35728EEC536003E49A3 /* ListRepository.swift in Sources */,
				F794C35428EEBDFB003E49A3 /* Query.swift in Sources */,
				F79AA009290AD68300880841 /* TabBarCoordinator.swift in Sources */,
				F794C35928EECAB1003E49A3 /* DataRequestDTO.swift in Sources */,
				F794C34028ED8A42003E49A3 /* AppDIContainer.swift in Sources */,
				F7FAE2EA28EC7A90008F811D /* Entity.swift in Sources */,
				F79C9ABF28FC7FA300B6B8F1 /* DetailRepositoryProtocol.swift in Sources */,
				F7A2EB402919002000FA66E9 /* FavoriteListRepository.swift in Sources */,
				F794C36928EED75C003E49A3 /* RepositoryTask.swift in Sources */,
				F79A669728F95D5F00D7D9E5 /* DishTypesCellViewModel.swift in Sources */,
				F79C9ABD28FC7F8C00B6B8F1 /* DetailRepository.swift in Sources */,
				F7A0FCA928F45ADB0090BC5C /* HistoryTableViewCell.swift in Sources */,
				F7AA0112290C014C00DDC925 /* FavoriteViewController.swift in Sources */,
				F79E6C5728FC3B0200C99913 /* FetchDetailUseCase.swift in Sources */,
				F7A2EB3E2918FE2800FA66E9 /* FavoriteListUseCase.swift in Sources */,
				F77BBF3D28F83C3100C8CE47 /* Extensions+String.swift in Sources */,
				F77BBF4128F83FA300C8CE47 /* HandleError.swift in Sources */,
				F793A7112905DD5E00E85A86 /* Extension+UIImageView.swift in Sources */,
				F794C33828ED6DB0003E49A3 /* DetailViewModel.swift in Sources */,
				F7B823AB2954D586005F46DC /* LoaderView.swift in Sources */,
				F7B57EE82913D7D900409092 /* DataBaseDataDTO + Mapping.swift in Sources */,
				F794C37D28EEFD4C003E49A3 /* HistoryListStorageProtocol.swift in Sources */,
				F794C32C28ED6C9E003E49A3 /* MainViewController.swift in Sources */,
				F72C865A295C4B2200367DEB /* ScanCodeViewController.swift in Sources */,
				F7179616292286100091B254 /* CookingTimeCell.swift in Sources */,
				F79A669528F95D4400D7D9E5 /* HeaderDetailCellViewModel.swift in Sources */,
				F794C33228ED6D56003E49A3 /* MainViewModel.swift in Sources */,
				F79A668F28F95A7000D7D9E5 /* DishTypesCell.swift in Sources */,
				F79A668D28F95A4700D7D9E5 /* HeaderDetailCell.swift in Sources */,
				F78BA92E2907ECCF006260D7 /* SwinjectDiContainer.swift in Sources */,
				F794C37828EEFAFB003E49A3 /* HistoryListReposioryProtocol.swift in Sources */,
			);
			runOnlyForDeploymentPostprocessing = 0;
		};
/* End PBXSourcesBuildPhase section */

/* Begin PBXVariantGroup section */
		F7FAE2D628EC7406008F811D /* LaunchScreen.storyboard */ = {
			isa = PBXVariantGroup;
			children = (
				F7FAE2D728EC7406008F811D /* Base */,
			);
			name = LaunchScreen.storyboard;
			sourceTree = "<group>";
		};
/* End PBXVariantGroup section */

/* Begin XCBuildConfiguration section */
		F7FAE2DA28EC7406008F811D /* Debug */ = {
			isa = XCBuildConfiguration;
			baseConfigurationReference = F79AA001290AD0CF00880841 /* Staging.xcconfig */;
			buildSettings = {
				ALWAYS_SEARCH_USER_PATHS = NO;
				CLANG_ANALYZER_NONNULL = YES;
				CLANG_ANALYZER_NUMBER_OBJECT_CONVERSION = YES_AGGRESSIVE;
				CLANG_CXX_LANGUAGE_STANDARD = "gnu++17";
				CLANG_ENABLE_MODULES = YES;
				CLANG_ENABLE_OBJC_ARC = YES;
				CLANG_ENABLE_OBJC_WEAK = YES;
				CLANG_WARN_BLOCK_CAPTURE_AUTORELEASING = YES;
				CLANG_WARN_BOOL_CONVERSION = YES;
				CLANG_WARN_COMMA = YES;
				CLANG_WARN_CONSTANT_CONVERSION = YES;
				CLANG_WARN_DEPRECATED_OBJC_IMPLEMENTATIONS = YES;
				CLANG_WARN_DIRECT_OBJC_ISA_USAGE = YES_ERROR;
				CLANG_WARN_DOCUMENTATION_COMMENTS = YES;
				CLANG_WARN_EMPTY_BODY = YES;
				CLANG_WARN_ENUM_CONVERSION = YES;
				CLANG_WARN_INFINITE_RECURSION = YES;
				CLANG_WARN_INT_CONVERSION = YES;
				CLANG_WARN_NON_LITERAL_NULL_CONVERSION = YES;
				CLANG_WARN_OBJC_IMPLICIT_RETAIN_SELF = YES;
				CLANG_WARN_OBJC_LITERAL_CONVERSION = YES;
				CLANG_WARN_OBJC_ROOT_CLASS = YES_ERROR;
				CLANG_WARN_QUOTED_INCLUDE_IN_FRAMEWORK_HEADER = YES;
				CLANG_WARN_RANGE_LOOP_ANALYSIS = YES;
				CLANG_WARN_STRICT_PROTOTYPES = YES;
				CLANG_WARN_SUSPICIOUS_MOVE = YES;
				CLANG_WARN_UNGUARDED_AVAILABILITY = YES_AGGRESSIVE;
				CLANG_WARN_UNREACHABLE_CODE = YES;
				CLANG_WARN__DUPLICATE_METHOD_MATCH = YES;
				COPY_PHASE_STRIP = NO;
				DEBUG_INFORMATION_FORMAT = dwarf;
				ENABLE_STRICT_OBJC_MSGSEND = YES;
				ENABLE_TESTABILITY = YES;
				GCC_C_LANGUAGE_STANDARD = gnu11;
				GCC_DYNAMIC_NO_PIC = NO;
				GCC_NO_COMMON_BLOCKS = YES;
				GCC_OPTIMIZATION_LEVEL = 0;
				GCC_PREPROCESSOR_DEFINITIONS = (
					"DEBUG=1",
					"$(inherited)",
				);
				GCC_WARN_64_TO_32_BIT_CONVERSION = YES;
				GCC_WARN_ABOUT_RETURN_TYPE = YES_ERROR;
				GCC_WARN_UNDECLARED_SELECTOR = YES;
				GCC_WARN_UNINITIALIZED_AUTOS = YES_AGGRESSIVE;
				GCC_WARN_UNUSED_FUNCTION = YES;
				GCC_WARN_UNUSED_VARIABLE = YES;
				IPHONEOS_DEPLOYMENT_TARGET = 15.5;
				MTL_ENABLE_DEBUG_INFO = INCLUDE_SOURCE;
				MTL_FAST_MATH = YES;
				ONLY_ACTIVE_ARCH = YES;
				SDKROOT = iphoneos;
				SWIFT_ACTIVE_COMPILATION_CONDITIONS = DEBUG;
				SWIFT_OPTIMIZATION_LEVEL = "-Onone";
			};
			name = Debug;
		};
		F7FAE2DB28EC7406008F811D /* Release */ = {
			isa = XCBuildConfiguration;
			baseConfigurationReference = F79AA001290AD0CF00880841 /* Staging.xcconfig */;
			buildSettings = {
				ALWAYS_SEARCH_USER_PATHS = NO;
				CLANG_ANALYZER_NONNULL = YES;
				CLANG_ANALYZER_NUMBER_OBJECT_CONVERSION = YES_AGGRESSIVE;
				CLANG_CXX_LANGUAGE_STANDARD = "gnu++17";
				CLANG_ENABLE_MODULES = YES;
				CLANG_ENABLE_OBJC_ARC = YES;
				CLANG_ENABLE_OBJC_WEAK = YES;
				CLANG_WARN_BLOCK_CAPTURE_AUTORELEASING = YES;
				CLANG_WARN_BOOL_CONVERSION = YES;
				CLANG_WARN_COMMA = YES;
				CLANG_WARN_CONSTANT_CONVERSION = YES;
				CLANG_WARN_DEPRECATED_OBJC_IMPLEMENTATIONS = YES;
				CLANG_WARN_DIRECT_OBJC_ISA_USAGE = YES_ERROR;
				CLANG_WARN_DOCUMENTATION_COMMENTS = YES;
				CLANG_WARN_EMPTY_BODY = YES;
				CLANG_WARN_ENUM_CONVERSION = YES;
				CLANG_WARN_INFINITE_RECURSION = YES;
				CLANG_WARN_INT_CONVERSION = YES;
				CLANG_WARN_NON_LITERAL_NULL_CONVERSION = YES;
				CLANG_WARN_OBJC_IMPLICIT_RETAIN_SELF = YES;
				CLANG_WARN_OBJC_LITERAL_CONVERSION = YES;
				CLANG_WARN_OBJC_ROOT_CLASS = YES_ERROR;
				CLANG_WARN_QUOTED_INCLUDE_IN_FRAMEWORK_HEADER = YES;
				CLANG_WARN_RANGE_LOOP_ANALYSIS = YES;
				CLANG_WARN_STRICT_PROTOTYPES = YES;
				CLANG_WARN_SUSPICIOUS_MOVE = YES;
				CLANG_WARN_UNGUARDED_AVAILABILITY = YES_AGGRESSIVE;
				CLANG_WARN_UNREACHABLE_CODE = YES;
				CLANG_WARN__DUPLICATE_METHOD_MATCH = YES;
				COPY_PHASE_STRIP = NO;
				DEBUG_INFORMATION_FORMAT = "dwarf-with-dsym";
				ENABLE_NS_ASSERTIONS = NO;
				ENABLE_STRICT_OBJC_MSGSEND = YES;
				GCC_C_LANGUAGE_STANDARD = gnu11;
				GCC_NO_COMMON_BLOCKS = YES;
				GCC_WARN_64_TO_32_BIT_CONVERSION = YES;
				GCC_WARN_ABOUT_RETURN_TYPE = YES_ERROR;
				GCC_WARN_UNDECLARED_SELECTOR = YES;
				GCC_WARN_UNINITIALIZED_AUTOS = YES_AGGRESSIVE;
				GCC_WARN_UNUSED_FUNCTION = YES;
				GCC_WARN_UNUSED_VARIABLE = YES;
				IPHONEOS_DEPLOYMENT_TARGET = 15.5;
				MTL_ENABLE_DEBUG_INFO = NO;
				MTL_FAST_MATH = YES;
				SDKROOT = iphoneos;
				SWIFT_COMPILATION_MODE = wholemodule;
				SWIFT_OPTIMIZATION_LEVEL = "-O";
				VALIDATE_PRODUCT = YES;
			};
			name = Release;
		};
		F7FAE2DD28EC7406008F811D /* Debug */ = {
			isa = XCBuildConfiguration;
			baseConfigurationReference = E66D075E5C89E7E493458A7D /* Pods-CleanArchitecture.debug.xcconfig */;
			buildSettings = {
				ASSETCATALOG_COMPILER_APPICON_NAME = AppIcon;
				ASSETCATALOG_COMPILER_GLOBAL_ACCENT_COLOR_NAME = AccentColor;
				CODE_SIGN_STYLE = Automatic;
				CURRENT_PROJECT_VERSION = 1;
				DEVELOPMENT_TEAM = TSG2FCM6P3;
				GENERATE_INFOPLIST_FILE = YES;
				INFOPLIST_FILE = CleanArchitecture/Info.plist;
				INFOPLIST_KEY_UIApplicationSupportsIndirectInputEvents = YES;
				INFOPLIST_KEY_UILaunchStoryboardName = LaunchScreen;
				INFOPLIST_KEY_UISupportedInterfaceOrientations_iPad = "UIInterfaceOrientationPortrait UIInterfaceOrientationPortraitUpsideDown UIInterfaceOrientationLandscapeLeft UIInterfaceOrientationLandscapeRight";
				INFOPLIST_KEY_UISupportedInterfaceOrientations_iPhone = "UIInterfaceOrientationPortrait UIInterfaceOrientationLandscapeLeft UIInterfaceOrientationLandscapeRight";
				LD_RUNPATH_SEARCH_PATHS = (
					"$(inherited)",
					"@executable_path/Frameworks",
				);
				MARKETING_VERSION = 1.0;
				PRODUCT_BUNDLE_IDENTIFIER = "inna-kokorina.CleanArchitecture";
				PRODUCT_NAME = "$(TARGET_NAME)";
				SWIFT_EMIT_LOC_STRINGS = YES;
				SWIFT_VERSION = 5.0;
				TARGETED_DEVICE_FAMILY = "1,2";
			};
			name = Debug;
		};
		F7FAE2DE28EC7406008F811D /* Release */ = {
			isa = XCBuildConfiguration;
			baseConfigurationReference = 8F38ED566ADB7388F5E6449E /* Pods-CleanArchitecture.release.xcconfig */;
			buildSettings = {
				ASSETCATALOG_COMPILER_APPICON_NAME = AppIcon;
				ASSETCATALOG_COMPILER_GLOBAL_ACCENT_COLOR_NAME = AccentColor;
				CODE_SIGN_STYLE = Automatic;
				CURRENT_PROJECT_VERSION = 1;
				DEVELOPMENT_TEAM = TSG2FCM6P3;
				GENERATE_INFOPLIST_FILE = YES;
				INFOPLIST_FILE = CleanArchitecture/Info.plist;
				INFOPLIST_KEY_UIApplicationSupportsIndirectInputEvents = YES;
				INFOPLIST_KEY_UILaunchStoryboardName = LaunchScreen;
				INFOPLIST_KEY_UISupportedInterfaceOrientations_iPad = "UIInterfaceOrientationPortrait UIInterfaceOrientationPortraitUpsideDown UIInterfaceOrientationLandscapeLeft UIInterfaceOrientationLandscapeRight";
				INFOPLIST_KEY_UISupportedInterfaceOrientations_iPhone = "UIInterfaceOrientationPortrait UIInterfaceOrientationLandscapeLeft UIInterfaceOrientationLandscapeRight";
				LD_RUNPATH_SEARCH_PATHS = (
					"$(inherited)",
					"@executable_path/Frameworks",
				);
				MARKETING_VERSION = 1.0;
				PRODUCT_BUNDLE_IDENTIFIER = "inna-kokorina.CleanArchitecture";
				PRODUCT_NAME = "$(TARGET_NAME)";
				SWIFT_EMIT_LOC_STRINGS = YES;
				SWIFT_VERSION = 5.0;
				TARGETED_DEVICE_FAMILY = "1,2";
			};
			name = Release;
		};
/* End XCBuildConfiguration section */

/* Begin XCConfigurationList section */
		F7FAE2C328EC73F8008F811D /* Build configuration list for PBXProject "CleanArchitecture" */ = {
			isa = XCConfigurationList;
			buildConfigurations = (
				F7FAE2DA28EC7406008F811D /* Debug */,
				F7FAE2DB28EC7406008F811D /* Release */,
			);
			defaultConfigurationIsVisible = 0;
			defaultConfigurationName = Release;
		};
		F7FAE2DC28EC7406008F811D /* Build configuration list for PBXNativeTarget "CleanArchitecture" */ = {
			isa = XCConfigurationList;
			buildConfigurations = (
				F7FAE2DD28EC7406008F811D /* Debug */,
				F7FAE2DE28EC7406008F811D /* Release */,
			);
			defaultConfigurationIsVisible = 0;
			defaultConfigurationName = Release;
		};
/* End XCConfigurationList section */

/* Begin XCVersionGroup section */
		F7B57EE02913B67C00409092 /* CoreDataModel.xcdatamodeld */ = {
			isa = XCVersionGroup;
			children = (
				F7B57EE12913B67C00409092 /* CoreDataModel.xcdatamodel */,
			);
			currentVersion = F7B57EE12913B67C00409092 /* CoreDataModel.xcdatamodel */;
			path = CoreDataModel.xcdatamodeld;
			sourceTree = "<group>";
			versionGroupType = wrapper.xcdatamodel;
		};
/* End XCVersionGroup section */
	};
	rootObject = F7FAE2C028EC73F8008F811D /* Project object */;
}
